<Solution>
  <Folder Name="/src/">
    <Project Path="src/Dihor.GameKit.Networking.Core/Dihor.GameKit.Networking.Core.csproj" />
    <Project Path="src/Dihor.GameKit.Networking.Protocol/Dihor.GameKit.Networking.Protocol.csproj" />
    <Project Path="src/Dihor.GameKit.Networking.Runtime/Dihor.GameKit.Networking.Runtime.csproj" />
    <Project Path="src/Dihor.GameKit.Networking.Discovery.Lan/Dihor.GameKit.Networking.Discovery.Lan.csproj" />
    <Project Path="src/Dihor.GameKit.Networking.Transport.Abstractions/Dihor.GameKit.Networking.Transport.Abstractions.csproj" />
    <Project Path="src/Dihor.GameKit.Networking.Transport.InMemory/Dihor.GameKit.Networking.Transport.InMemory.csproj" />
    <Project Path="src/Dihor.GameKit.Networking.Transport.Lan/Dihor.GameKit.Networking.Transport.Lan.csproj" />
    <Project Path="src/Dihor.GameKit.Networking.Transport.SignalR/Dihor.GameKit.Networking.Transport.SignalR.csproj" />
    <Project Path="src/Dihor.GameKit.Networking.Transport.SignalR.Server/Dihor.GameKit.Networking.Transport.SignalR.Server.csproj" />
  </Folder>
  <Folder Name="/samples/">
    <Project Path="samples/AutoConnectivityDemo/Dihor.GameKit.Networking.Sample.AutoConnectivityDemo.csproj" />
    <Project Path="samples/CommunicationDemo/Dihor.GameKit.Networking.Sample.CommunicationDemo.csproj" />
    <Project Path="samples/DartLanInteropHost/Dihor.GameKit.Networking.Sample.DartLanInteropHost.csproj" />
  </Folder>
  <Folder Name="/tests/">
    <Project Path="tests/Dihor.GameKit.Networking.Core.Tests/Dihor.GameKit.Networking.Core.Tests.csproj" />
    <Project Path="tests/Dihor.GameKit.Networking.Protocol.Tests/Dihor.GameKit.Networking.Protocol.Tests.csproj" />
    <Project Path="tests/Dihor.GameKit.Networking.Runtime.Tests/Dihor.GameKit.Networking.Runtime.Tests.csproj" />
    <Project Path="tests/Dihor.GameKit.Networking.Discovery.Tests/Dihor.GameKit.Networking.Discovery.Tests.csproj" />
    <Project Path="tests/Dihor.GameKit.Networking.Transport.Tests/Dihor.GameKit.Networking.Transport.Tests.csproj" />
  </Folder>
</Solution>
